
Microsoft Visual Studio Solution File, Format Version 12.00
# Visual Studio Version 17
VisualStudioVersion = 17.14.36127.28 d17.14
MinimumVisualStudioVersion = 10.0.40219.1
Project("{FAE04EC0-301F-11D3-BF4B-00C04F79EFBC}") = "NvkLesson08Annotation", "NvkLesson08Annotation.csproj", "{2469BB96-6F70-4DEE-A558-339847BBA389}"
EndProject
Global
	GlobalSection(SolutionConfigurationPlatforms) = preSolution
		Debug|Any CPU = Debug|Any CPU
		Release|Any CPU = Release|Any CPU
	EndGlobalSection
	GlobalSection(ProjectConfigurationPlatforms) = postSolution
		{2469BB96-6F70-4DEE-A558-339847BBA389}.Debug|Any CPU.ActiveCfg = Debug|Any CPU
		{2469BB96-6F70-4DEE-A558-339847BBA389}.Debug|Any CPU.Build.0 = Debug|Any CPU
		{2469BB96-6F70-4DEE-A558-339847BBA389}.Release|Any CPU.ActiveCfg = Release|Any CPU
		{2469BB96-6F70-4DEE-A558-339847BBA389}.Release|Any CPU.Build.0 = Release|Any CPU
	EndGlobalSection
	GlobalSection(SolutionProperties) = preSolution
		HideSolutionNode = FALSE
	EndGlobalSection
	GlobalSection(ExtensibilityGlobals) = postSolution
		SolutionGuid = {319778B6-711A-428C-BD39-92A490A897A1}
	EndGlobalSection
EndGlobal
