
Microsoft Visual Studio Solution File, Format Version 12.00
# Visual Studio Version 17
VisualStudioVersion = 17.13.35931.197 d17.13
MinimumVisualStudioVersion = 10.0.40219.1
Project("{FAE04EC0-301F-11D3-BF4B-00C04F79EFBC}") = "nvk-Lesson01", "nvk-Lesson01.csproj", "{35912679-A952-4354-B8F9-6460F8F5BBE1}"
EndProject
Global
	GlobalSection(SolutionConfigurationPlatforms) = preSolution
		Debug|Any CPU = Debug|Any CPU
		Release|Any CPU = Release|Any CPU
	EndGlobalSection
	GlobalSection(ProjectConfigurationPlatforms) = postSolution
		{35912679-A952-4354-B8F9-6460F8F5BBE1}.Debug|Any CPU.ActiveCfg = Debug|Any CPU
		{35912679-A952-4354-B8F9-6460F8F5BBE1}.Debug|Any CPU.Build.0 = Debug|Any CPU
		{35912679-A952-4354-B8F9-6460F8F5BBE1}.Release|Any CPU.ActiveCfg = Release|Any CPU
		{35912679-A952-4354-B8F9-6460F8F5BBE1}.Release|Any CPU.Build.0 = Release|Any CPU
	EndGlobalSection
	GlobalSection(SolutionProperties) = preSolution
		HideSolutionNode = FALSE
	EndGlobalSection
	GlobalSection(ExtensibilityGlobals) = postSolution
		SolutionGuid = {CF5AAD99-E681-4586-BE1C-516DC888247E}
	EndGlobalSection
EndGlobal
