
Microsoft Visual Studio Solution File, Format Version 12.00
# Visual Studio Version 17
VisualStudioVersion = 17.13.35931.197 d17.13
MinimumVisualStudioVersion = 10.0.40219.1
Project("{FAE04EC0-301F-11D3-BF4B-00C04F79EFBC}") = "nvk-Lesson01Mvc", "nvk-Lesson01Mvc.csproj", "{CE4EE4E3-EA10-44AB-A21B-91BC2E9A7912}"
EndProject
Global
	GlobalSection(SolutionConfigurationPlatforms) = preSolution
		Debug|Any CPU = Debug|Any CPU
		Release|Any CPU = Release|Any CPU
	EndGlobalSection
	GlobalSection(ProjectConfigurationPlatforms) = postSolution
		{CE4EE4E3-EA10-44AB-A21B-91BC2E9A7912}.Debug|Any CPU.ActiveCfg = Debug|Any CPU
		{CE4EE4E3-EA10-44AB-A21B-91BC2E9A7912}.Debug|Any CPU.Build.0 = Debug|Any CPU
		{CE4EE4E3-EA10-44AB-A21B-91BC2E9A7912}.Release|Any CPU.ActiveCfg = Release|Any CPU
		{CE4EE4E3-EA10-44AB-A21B-91BC2E9A7912}.Release|Any CPU.Build.0 = Release|Any CPU
	EndGlobalSection
	GlobalSection(SolutionProperties) = preSolution
		HideSolutionNode = FALSE
	EndGlobalSection
	GlobalSection(ExtensibilityGlobals) = postSolution
		SolutionGuid = {C84E513B-D4AD-4886-A4C9-44F84CB4AE76}
	EndGlobalSection
EndGlobal
